{
  "originHash" : "2f889b5577442cfe82315bbb6819b95ce5f3b432793882e76d322af08f40b009",
  "pins" : [
    {
      "identity" : "spectre",
      "kind" : "remoteSourceControl",
      "location" : "https://github.com/kylef/Spectre.git",
      "state" : {
        "revision" : "26cc5e9ae0947092c7139ef7ba612e34646086c7",
        "version" : "0.10.1"
      }
    }
  ],
  "version" : 3
}
